
Microsoft Visual Studio Solution File, Format Version 12.00
# Visual Studio 2012
Project("{FAE04EC0-301F-11D3-BF4B-00C04F79EFBC}") = "hubiquitus4w8", "hubiquitus4w8\hubiquitus4w8.csproj", "{27808EEF-A3EE-4EEA-9C83-F2EC4823CDE4}"
EndProject
Global
	GlobalSection(SolutionConfigurationPlatforms) = preSolution
		Debug|Any CPU = Debug|Any CPU
		Release|Any CPU = Release|Any CPU
	EndGlobalSection
	GlobalSection(ProjectConfigurationPlatforms) = postSolution
		{27808EEF-A3EE-4EEA-9C83-F2EC4823CDE4}.Debug|Any CPU.ActiveCfg = Debug|Any CPU
		{27808EEF-A3EE-4EEA-9C83-F2EC4823CDE4}.Debug|Any CPU.Build.0 = Debug|Any CPU
		{27808EEF-A3EE-4EEA-9C83-F2EC4823CDE4}.Release|Any CPU.ActiveCfg = Release|Any CPU
		{27808EEF-A3EE-4EEA-9C83-F2EC4823CDE4}.Release|Any CPU.Build.0 = Release|Any CPU
	EndGlobalSection
	GlobalSection(SolutionProperties) = preSolution
		HideSolutionNode = FALSE
	EndGlobalSection
EndGlobal
